
Microsoft Visual Studio Solution File, Format Version 12.00
# Visual Studio Version 17
Project("{2150E333-8FDC-42A3-9474-1A3956D46DE8}") = "CMakePredefinedTargets", "CMakePredefinedTargets", "{F2024784-F7A8-3C90-ABC6-671F9BC596A4}"
EndProject
Project("{8BC9CEB8-8B4A-11D0-8D11-00A0C91BC942}") = "CSC8503", "CSC8503\CSC8503.vcxproj", "{66686D4C-5108-3D98-A17C-841A0BA165AF}"
	ProjectSection(ProjectDependencies) = postProject
		{26215F11-0306-368E-9E53-D62AF3091906} = {26215F11-0306-368E-9E53-D62AF3091906}
		{7AD44A1D-49A1-307A-B86D-A7939C65CEE6} = {7AD44A1D-49A1-307A-B86D-A7939C65CEE6}
		{93C780B5-47C0-33C1-91C6-A97FA0D4CFDC} = {93C780B5-47C0-33C1-91C6-A97FA0D4CFDC}
		{9780E770-95A6-3590-ACA8-2326113E6DAE} = {9780E770-95A6-3590-ACA8-2326113E6DAE}
	EndProjectSection
EndProject
Project("{8BC9CEB8-8B4A-11D0-8D11-00A0C91BC942}") = "ALL_BUILD", "ALL_BUILD.vcxproj", "{F5110BD0-B1FA-385C-812B-99C3DC604063}"
	ProjectSection(ProjectDependencies) = postProject
		{66686D4C-5108-3D98-A17C-841A0BA165AF} = {66686D4C-5108-3D98-A17C-841A0BA165AF}
		{26215F11-0306-368E-9E53-D62AF3091906} = {26215F11-0306-368E-9E53-D62AF3091906}
		{7AD44A1D-49A1-307A-B86D-A7939C65CEE6} = {7AD44A1D-49A1-307A-B86D-A7939C65CEE6}
		{93C780B5-47C0-33C1-91C6-A97FA0D4CFDC} = {93C780B5-47C0-33C1-91C6-A97FA0D4CFDC}
		{9780E770-95A6-3590-ACA8-2326113E6DAE} = {9780E770-95A6-3590-ACA8-2326113E6DAE}
	EndProjectSection
EndProject
Project("{8BC9CEB8-8B4A-11D0-8D11-00A0C91BC942}") = "CSC8503CoreClasses", "CSC8503CoreClasses\CSC8503CoreClasses.vcxproj", "{26215F11-0306-368E-9E53-D62AF3091906}"
	ProjectSection(ProjectDependencies) = postProject
		{9780E770-95A6-3590-ACA8-2326113E6DAE} = {9780E770-95A6-3590-ACA8-2326113E6DAE}
	EndProjectSection
EndProject
Project("{8BC9CEB8-8B4A-11D0-8D11-00A0C91BC942}") = "NCLCoreClasses", "NCLCoreClasses\NCLCoreClasses.vcxproj", "{7AD44A1D-49A1-307A-B86D-A7939C65CEE6}"
	ProjectSection(ProjectDependencies) = postProject
		{9780E770-95A6-3590-ACA8-2326113E6DAE} = {9780E770-95A6-3590-ACA8-2326113E6DAE}
	EndProjectSection
EndProject
Project("{8BC9CEB8-8B4A-11D0-8D11-00A0C91BC942}") = "OpenGLRendering", "OpenGLRendering\OpenGLRendering.vcxproj", "{93C780B5-47C0-33C1-91C6-A97FA0D4CFDC}"
	ProjectSection(ProjectDependencies) = postProject
		{7AD44A1D-49A1-307A-B86D-A7939C65CEE6} = {7AD44A1D-49A1-307A-B86D-A7939C65CEE6}
		{9780E770-95A6-3590-ACA8-2326113E6DAE} = {9780E770-95A6-3590-ACA8-2326113E6DAE}
	EndProjectSection
EndProject
Project("{8BC9CEB8-8B4A-11D0-8D11-00A0C91BC942}") = "ZERO_CHECK", "ZERO_CHECK.vcxproj", "{9780E770-95A6-3590-ACA8-2326113E6DAE}"
	ProjectSection(ProjectDependencies) = postProject
	EndProjectSection
EndProject
Global
	GlobalSection(SolutionConfigurationPlatforms) = preSolution
		Debug|x64 = Debug|x64
		Release|x64 = Release|x64
	EndGlobalSection
	GlobalSection(ProjectConfigurationPlatforms) = postSolution
		{66686D4C-5108-3D98-A17C-841A0BA165AF}.Debug|x64.ActiveCfg = Debug|x64
		{66686D4C-5108-3D98-A17C-841A0BA165AF}.Debug|x64.Build.0 = Debug|x64
		{66686D4C-5108-3D98-A17C-841A0BA165AF}.Release|x64.ActiveCfg = Release|x64
		{66686D4C-5108-3D98-A17C-841A0BA165AF}.Release|x64.Build.0 = Release|x64
		{F5110BD0-B1FA-385C-812B-99C3DC604063}.Debug|x64.ActiveCfg = Debug|x64
		{F5110BD0-B1FA-385C-812B-99C3DC604063}.Release|x64.ActiveCfg = Release|x64
		{26215F11-0306-368E-9E53-D62AF3091906}.Debug|x64.ActiveCfg = Debug|x64
		{26215F11-0306-368E-9E53-D62AF3091906}.Debug|x64.Build.0 = Debug|x64
		{26215F11-0306-368E-9E53-D62AF3091906}.Release|x64.ActiveCfg = Release|x64
		{26215F11-0306-368E-9E53-D62AF3091906}.Release|x64.Build.0 = Release|x64
		{7AD44A1D-49A1-307A-B86D-A7939C65CEE6}.Debug|x64.ActiveCfg = Debug|x64
		{7AD44A1D-49A1-307A-B86D-A7939C65CEE6}.Debug|x64.Build.0 = Debug|x64
		{7AD44A1D-49A1-307A-B86D-A7939C65CEE6}.Release|x64.ActiveCfg = Release|x64
		{7AD44A1D-49A1-307A-B86D-A7939C65CEE6}.Release|x64.Build.0 = Release|x64
		{93C780B5-47C0-33C1-91C6-A97FA0D4CFDC}.Debug|x64.ActiveCfg = Debug|x64
		{93C780B5-47C0-33C1-91C6-A97FA0D4CFDC}.Debug|x64.Build.0 = Debug|x64
		{93C780B5-47C0-33C1-91C6-A97FA0D4CFDC}.Release|x64.ActiveCfg = Release|x64
		{93C780B5-47C0-33C1-91C6-A97FA0D4CFDC}.Release|x64.Build.0 = Release|x64
		{9780E770-95A6-3590-ACA8-2326113E6DAE}.Debug|x64.ActiveCfg = Debug|x64
		{9780E770-95A6-3590-ACA8-2326113E6DAE}.Debug|x64.Build.0 = Debug|x64
		{9780E770-95A6-3590-ACA8-2326113E6DAE}.Release|x64.ActiveCfg = Release|x64
		{9780E770-95A6-3590-ACA8-2326113E6DAE}.Release|x64.Build.0 = Release|x64
	EndGlobalSection
	GlobalSection(NestedProjects) = preSolution
		{F5110BD0-B1FA-385C-812B-99C3DC604063} = {F2024784-F7A8-3C90-ABC6-671F9BC596A4}
		{9780E770-95A6-3590-ACA8-2326113E6DAE} = {F2024784-F7A8-3C90-ABC6-671F9BC596A4}
	EndGlobalSection
	GlobalSection(ExtensibilityGlobals) = postSolution
		SolutionGuid = {2F777E26-0187-3FC9-838E-649DC5A020DE}
	EndGlobalSection
	GlobalSection(ExtensibilityAddIns) = postSolution
	EndGlobalSection
EndGlobal
