
Microsoft Visual Studio Solution File, Format Version 12.00
# Visual Studio Version 17
Project("{2150E333-8FDC-42A3-9474-1A3956D46DE8}") = "CMakePredefinedTargets", "CMakePredefinedTargets", "{F835D016-4D91-3C8F-B073-BB547D3D5245}"
EndProject
Project("{8BC9CEB8-8B4A-11D0-8D11-00A0C91BC942}") = "CSC8503", "CSC8503\CSC8503.vcxproj", "{1014D1A4-A245-3B42-B69B-B97AE8970C39}"
	ProjectSection(ProjectDependencies) = postProject
		{1AB5E229-7AC5-3713-96F8-9CFA2C281F7E} = {1AB5E229-7AC5-3713-96F8-9CFA2C281F7E}
		{F705F110-3C87-3289-AEFC-3DE3CCA4B153} = {F705F110-3C87-3289-AEFC-3DE3CCA4B153}
		{D30B5B04-C9C0-3C1F-9FB3-0E85872CDE73} = {D30B5B04-C9C0-3C1F-9FB3-0E85872CDE73}
		{6F2ACF82-EA9D-369B-BA28-CF09CD7380AB} = {6F2ACF82-EA9D-369B-BA28-CF09CD7380AB}
	EndProjectSection
EndProject
Project("{8BC9CEB8-8B4A-11D0-8D11-00A0C91BC942}") = "ALL_BUILD", "ALL_BUILD.vcxproj", "{DC51EF03-43E5-38B8-944A-1211258AF8C2}"
	ProjectSection(ProjectDependencies) = postProject
		{1014D1A4-A245-3B42-B69B-B97AE8970C39} = {1014D1A4-A245-3B42-B69B-B97AE8970C39}
		{1AB5E229-7AC5-3713-96F8-9CFA2C281F7E} = {1AB5E229-7AC5-3713-96F8-9CFA2C281F7E}
		{F705F110-3C87-3289-AEFC-3DE3CCA4B153} = {F705F110-3C87-3289-AEFC-3DE3CCA4B153}
		{D30B5B04-C9C0-3C1F-9FB3-0E85872CDE73} = {D30B5B04-C9C0-3C1F-9FB3-0E85872CDE73}
		{6F2ACF82-EA9D-369B-BA28-CF09CD7380AB} = {6F2ACF82-EA9D-369B-BA28-CF09CD7380AB}
	EndProjectSection
EndProject
Project("{8BC9CEB8-8B4A-11D0-8D11-00A0C91BC942}") = "CSC8503CoreClasses", "CSC8503CoreClasses\CSC8503CoreClasses.vcxproj", "{1AB5E229-7AC5-3713-96F8-9CFA2C281F7E}"
	ProjectSection(ProjectDependencies) = postProject
		{6F2ACF82-EA9D-369B-BA28-CF09CD7380AB} = {6F2ACF82-EA9D-369B-BA28-CF09CD7380AB}
	EndProjectSection
EndProject
Project("{8BC9CEB8-8B4A-11D0-8D11-00A0C91BC942}") = "NCLCoreClasses", "NCLCoreClasses\NCLCoreClasses.vcxproj", "{F705F110-3C87-3289-AEFC-3DE3CCA4B153}"
	ProjectSection(ProjectDependencies) = postProject
		{6F2ACF82-EA9D-369B-BA28-CF09CD7380AB} = {6F2ACF82-EA9D-369B-BA28-CF09CD7380AB}
	EndProjectSection
EndProject
Project("{8BC9CEB8-8B4A-11D0-8D11-00A0C91BC942}") = "OpenGLRendering", "OpenGLRendering\OpenGLRendering.vcxproj", "{D30B5B04-C9C0-3C1F-9FB3-0E85872CDE73}"
	ProjectSection(ProjectDependencies) = postProject
		{F705F110-3C87-3289-AEFC-3DE3CCA4B153} = {F705F110-3C87-3289-AEFC-3DE3CCA4B153}
		{6F2ACF82-EA9D-369B-BA28-CF09CD7380AB} = {6F2ACF82-EA9D-369B-BA28-CF09CD7380AB}
	EndProjectSection
EndProject
Project("{8BC9CEB8-8B4A-11D0-8D11-00A0C91BC942}") = "ZERO_CHECK", "ZERO_CHECK.vcxproj", "{6F2ACF82-EA9D-369B-BA28-CF09CD7380AB}"
	ProjectSection(ProjectDependencies) = postProject
	EndProjectSection
EndProject
Global
	GlobalSection(SolutionConfigurationPlatforms) = preSolution
		Debug|x64 = Debug|x64
		Release|x64 = Release|x64
	EndGlobalSection
	GlobalSection(ProjectConfigurationPlatforms) = postSolution
		{1014D1A4-A245-3B42-B69B-B97AE8970C39}.Debug|x64.ActiveCfg = Debug|x64
		{1014D1A4-A245-3B42-B69B-B97AE8970C39}.Debug|x64.Build.0 = Debug|x64
		{1014D1A4-A245-3B42-B69B-B97AE8970C39}.Release|x64.ActiveCfg = Release|x64
		{1014D1A4-A245-3B42-B69B-B97AE8970C39}.Release|x64.Build.0 = Release|x64
		{DC51EF03-43E5-38B8-944A-1211258AF8C2}.Debug|x64.ActiveCfg = Debug|x64
		{DC51EF03-43E5-38B8-944A-1211258AF8C2}.Release|x64.ActiveCfg = Release|x64
		{1AB5E229-7AC5-3713-96F8-9CFA2C281F7E}.Debug|x64.ActiveCfg = Debug|x64
		{1AB5E229-7AC5-3713-96F8-9CFA2C281F7E}.Debug|x64.Build.0 = Debug|x64
		{1AB5E229-7AC5-3713-96F8-9CFA2C281F7E}.Release|x64.ActiveCfg = Release|x64
		{1AB5E229-7AC5-3713-96F8-9CFA2C281F7E}.Release|x64.Build.0 = Release|x64
		{F705F110-3C87-3289-AEFC-3DE3CCA4B153}.Debug|x64.ActiveCfg = Debug|x64
		{F705F110-3C87-3289-AEFC-3DE3CCA4B153}.Debug|x64.Build.0 = Debug|x64
		{F705F110-3C87-3289-AEFC-3DE3CCA4B153}.Release|x64.ActiveCfg = Release|x64
		{F705F110-3C87-3289-AEFC-3DE3CCA4B153}.Release|x64.Build.0 = Release|x64
		{D30B5B04-C9C0-3C1F-9FB3-0E85872CDE73}.Debug|x64.ActiveCfg = Debug|x64
		{D30B5B04-C9C0-3C1F-9FB3-0E85872CDE73}.Debug|x64.Build.0 = Debug|x64
		{D30B5B04-C9C0-3C1F-9FB3-0E85872CDE73}.Release|x64.ActiveCfg = Release|x64
		{D30B5B04-C9C0-3C1F-9FB3-0E85872CDE73}.Release|x64.Build.0 = Release|x64
		{6F2ACF82-EA9D-369B-BA28-CF09CD7380AB}.Debug|x64.ActiveCfg = Debug|x64
		{6F2ACF82-EA9D-369B-BA28-CF09CD7380AB}.Debug|x64.Build.0 = Debug|x64
		{6F2ACF82-EA9D-369B-BA28-CF09CD7380AB}.Release|x64.ActiveCfg = Release|x64
		{6F2ACF82-EA9D-369B-BA28-CF09CD7380AB}.Release|x64.Build.0 = Release|x64
	EndGlobalSection
	GlobalSection(NestedProjects) = preSolution
		{DC51EF03-43E5-38B8-944A-1211258AF8C2} = {F835D016-4D91-3C8F-B073-BB547D3D5245}
		{6F2ACF82-EA9D-369B-BA28-CF09CD7380AB} = {F835D016-4D91-3C8F-B073-BB547D3D5245}
	EndGlobalSection
	GlobalSection(ExtensibilityGlobals) = postSolution
		SolutionGuid = {E80B58B4-1DDD-3DE2-A678-D257B2E745E6}
	EndGlobalSection
	GlobalSection(ExtensibilityAddIns) = postSolution
	EndGlobalSection
EndGlobal
