
Microsoft Visual Studio Solution File, Format Version 12.00
# Visual Studio Version 17
Project("{2150E333-8FDC-42A3-9474-1A3956D46DE8}") = "CMakePredefinedTargets", "CMakePredefinedTargets", "{B6E23434-B92B-358F-B1CD-3DC1F899F797}"
EndProject
Project("{8BC9CEB8-8B4A-11D0-8D11-00A0C91BC942}") = "CSC8503", "CSC8503\CSC8503.vcxproj", "{F2EF3CD3-39D6-3125-A1EF-D1634602ADD5}"
	ProjectSection(ProjectDependencies) = postProject
		{D5BD7E28-3C4B-32E4-ABBE-6E87665BD2AA} = {D5BD7E28-3C4B-32E4-ABBE-6E87665BD2AA}
		{08176F21-2B2A-3147-8273-B49E5C89B132} = {08176F21-2B2A-3147-8273-B49E5C89B132}
		{31894B05-9BC8-3340-B4C5-3EF1D041FBD5} = {31894B05-9BC8-3340-B4C5-3EF1D041FBD5}
		{461B9BD2-2227-36C3-9987-A42CC837AA1F} = {461B9BD2-2227-36C3-9987-A42CC837AA1F}
	EndProjectSection
EndProject
Project("{8BC9CEB8-8B4A-11D0-8D11-00A0C91BC942}") = "ALL_BUILD", "ALL_BUILD.vcxproj", "{EF318A19-B1BB-36FC-884F-6353A9300CB3}"
	ProjectSection(ProjectDependencies) = postProject
		{F2EF3CD3-39D6-3125-A1EF-D1634602ADD5} = {F2EF3CD3-39D6-3125-A1EF-D1634602ADD5}
		{D5BD7E28-3C4B-32E4-ABBE-6E87665BD2AA} = {D5BD7E28-3C4B-32E4-ABBE-6E87665BD2AA}
		{08176F21-2B2A-3147-8273-B49E5C89B132} = {08176F21-2B2A-3147-8273-B49E5C89B132}
		{31894B05-9BC8-3340-B4C5-3EF1D041FBD5} = {31894B05-9BC8-3340-B4C5-3EF1D041FBD5}
		{461B9BD2-2227-36C3-9987-A42CC837AA1F} = {461B9BD2-2227-36C3-9987-A42CC837AA1F}
	EndProjectSection
EndProject
Project("{8BC9CEB8-8B4A-11D0-8D11-00A0C91BC942}") = "CSC8503CoreClasses", "CSC8503CoreClasses\CSC8503CoreClasses.vcxproj", "{D5BD7E28-3C4B-32E4-ABBE-6E87665BD2AA}"
	ProjectSection(ProjectDependencies) = postProject
		{461B9BD2-2227-36C3-9987-A42CC837AA1F} = {461B9BD2-2227-36C3-9987-A42CC837AA1F}
	EndProjectSection
EndProject
Project("{8BC9CEB8-8B4A-11D0-8D11-00A0C91BC942}") = "NCLCoreClasses", "NCLCoreClasses\NCLCoreClasses.vcxproj", "{08176F21-2B2A-3147-8273-B49E5C89B132}"
	ProjectSection(ProjectDependencies) = postProject
		{461B9BD2-2227-36C3-9987-A42CC837AA1F} = {461B9BD2-2227-36C3-9987-A42CC837AA1F}
	EndProjectSection
EndProject
Project("{8BC9CEB8-8B4A-11D0-8D11-00A0C91BC942}") = "OpenGLRendering", "OpenGLRendering\OpenGLRendering.vcxproj", "{31894B05-9BC8-3340-B4C5-3EF1D041FBD5}"
	ProjectSection(ProjectDependencies) = postProject
		{08176F21-2B2A-3147-8273-B49E5C89B132} = {08176F21-2B2A-3147-8273-B49E5C89B132}
		{461B9BD2-2227-36C3-9987-A42CC837AA1F} = {461B9BD2-2227-36C3-9987-A42CC837AA1F}
	EndProjectSection
EndProject
Project("{8BC9CEB8-8B4A-11D0-8D11-00A0C91BC942}") = "ZERO_CHECK", "ZERO_CHECK.vcxproj", "{461B9BD2-2227-36C3-9987-A42CC837AA1F}"
	ProjectSection(ProjectDependencies) = postProject
	EndProjectSection
EndProject
Global
	GlobalSection(SolutionConfigurationPlatforms) = preSolution
		Debug|x64 = Debug|x64
		Release|x64 = Release|x64
	EndGlobalSection
	GlobalSection(ProjectConfigurationPlatforms) = postSolution
		{F2EF3CD3-39D6-3125-A1EF-D1634602ADD5}.Debug|x64.ActiveCfg = Debug|x64
		{F2EF3CD3-39D6-3125-A1EF-D1634602ADD5}.Debug|x64.Build.0 = Debug|x64
		{F2EF3CD3-39D6-3125-A1EF-D1634602ADD5}.Release|x64.ActiveCfg = Release|x64
		{F2EF3CD3-39D6-3125-A1EF-D1634602ADD5}.Release|x64.Build.0 = Release|x64
		{EF318A19-B1BB-36FC-884F-6353A9300CB3}.Debug|x64.ActiveCfg = Debug|x64
		{EF318A19-B1BB-36FC-884F-6353A9300CB3}.Release|x64.ActiveCfg = Release|x64
		{D5BD7E28-3C4B-32E4-ABBE-6E87665BD2AA}.Debug|x64.ActiveCfg = Debug|x64
		{D5BD7E28-3C4B-32E4-ABBE-6E87665BD2AA}.Debug|x64.Build.0 = Debug|x64
		{D5BD7E28-3C4B-32E4-ABBE-6E87665BD2AA}.Release|x64.ActiveCfg = Release|x64
		{D5BD7E28-3C4B-32E4-ABBE-6E87665BD2AA}.Release|x64.Build.0 = Release|x64
		{08176F21-2B2A-3147-8273-B49E5C89B132}.Debug|x64.ActiveCfg = Debug|x64
		{08176F21-2B2A-3147-8273-B49E5C89B132}.Debug|x64.Build.0 = Debug|x64
		{08176F21-2B2A-3147-8273-B49E5C89B132}.Release|x64.ActiveCfg = Release|x64
		{08176F21-2B2A-3147-8273-B49E5C89B132}.Release|x64.Build.0 = Release|x64
		{31894B05-9BC8-3340-B4C5-3EF1D041FBD5}.Debug|x64.ActiveCfg = Debug|x64
		{31894B05-9BC8-3340-B4C5-3EF1D041FBD5}.Debug|x64.Build.0 = Debug|x64
		{31894B05-9BC8-3340-B4C5-3EF1D041FBD5}.Release|x64.ActiveCfg = Release|x64
		{31894B05-9BC8-3340-B4C5-3EF1D041FBD5}.Release|x64.Build.0 = Release|x64
		{461B9BD2-2227-36C3-9987-A42CC837AA1F}.Debug|x64.ActiveCfg = Debug|x64
		{461B9BD2-2227-36C3-9987-A42CC837AA1F}.Debug|x64.Build.0 = Debug|x64
		{461B9BD2-2227-36C3-9987-A42CC837AA1F}.Release|x64.ActiveCfg = Release|x64
		{461B9BD2-2227-36C3-9987-A42CC837AA1F}.Release|x64.Build.0 = Release|x64
	EndGlobalSection
	GlobalSection(NestedProjects) = preSolution
		{EF318A19-B1BB-36FC-884F-6353A9300CB3} = {B6E23434-B92B-358F-B1CD-3DC1F899F797}
		{461B9BD2-2227-36C3-9987-A42CC837AA1F} = {B6E23434-B92B-358F-B1CD-3DC1F899F797}
	EndGlobalSection
	GlobalSection(ExtensibilityGlobals) = postSolution
		SolutionGuid = {8F2B114C-0769-38C1-8A36-3D70609F4216}
	EndGlobalSection
	GlobalSection(ExtensibilityAddIns) = postSolution
	EndGlobalSection
EndGlobal
