<?xml version="1.0" encoding="utf-8"?>
<Project ToolsVersion="17.0" xmlns="http://schemas.microsoft.com/developer/msbuild/2003">
  <ItemGroup>
    <CustomBuild Include="C:\CSC8507\CSC8507\CMakeFiles\3ddf04c2e1022aac90af4ac6be08e4d1\generate.stamp.rule">
      <Filter>CMake Rules</Filter>
    </CustomBuild>
  </ItemGroup>
  <ItemGroup>
    <Filter Include="CMake Rules">
      <UniqueIdentifier>{B3E89909-0DAD-3837-B65A-58CC8EB3E0D0}</UniqueIdentifier>
    </Filter>
  </ItemGroup>
</Project>
