
Microsoft Visual Studio Solution File, Format Version 12.00
# Visual Studio Version 17
Project("{2150E333-8FDC-42A3-9474-1A3956D46DE8}") = "CMakePredefinedTargets", "CMakePredefinedTargets", "{4C1F9CFC-66CE-3FB0-8EF3-CD9DC2C91BC8}"
EndProject
Project("{8BC9CEB8-8B4A-11D0-8D11-00A0C91BC942}") = "ALL_BUILD", "ALL_BUILD.vcxproj", "{FE7DDC74-E8FD-31A5-8D39-510634BEB8C2}"
	ProjectSection(ProjectDependencies) = postProject
		{D3334B47-8D59-3690-AAD6-5B33BC4CEF6E} = {D3334B47-8D59-3690-AAD6-5B33BC4CEF6E}
		{5EB5E1E6-9618-3225-B1BE-A8BDAA8BA35F} = {5EB5E1E6-9618-3225-B1BE-A8BDAA8BA35F}
	EndProjectSection
EndProject
Project("{8BC9CEB8-8B4A-11D0-8D11-00A0C91BC942}") = "INSTALL", "INSTALL.vcxproj", "{FF3CC6FB-FAC2-3C46-B4C1-C400524E7383}"
	ProjectSection(ProjectDependencies) = postProject
		{FE7DDC74-E8FD-31A5-8D39-510634BEB8C2} = {FE7DDC74-E8FD-31A5-8D39-510634BEB8C2}
		{D3334B47-8D59-3690-AAD6-5B33BC4CEF6E} = {D3334B47-8D59-3690-AAD6-5B33BC4CEF6E}
	EndProjectSection
EndProject
Project("{8BC9CEB8-8B4A-11D0-8D11-00A0C91BC942}") = "ZERO_CHECK", "..\..\..\\ZERO_CHECK.vcxproj", "{D3334B47-8D59-3690-AAD6-5B33BC4CEF6E}"
	ProjectSection(ProjectDependencies) = postProject
	EndProjectSection
EndProject
Project("{8BC9CEB8-8B4A-11D0-8D11-00A0C91BC942}") = "zlibstatic", "zlibstatic.vcxproj", "{5EB5E1E6-9618-3225-B1BE-A8BDAA8BA35F}"
	ProjectSection(ProjectDependencies) = postProject
		{D3334B47-8D59-3690-AAD6-5B33BC4CEF6E} = {D3334B47-8D59-3690-AAD6-5B33BC4CEF6E}
	EndProjectSection
EndProject
Global
	GlobalSection(SolutionConfigurationPlatforms) = preSolution
		Debug|x64 = Debug|x64
		Release|x64 = Release|x64
	EndGlobalSection
	GlobalSection(ProjectConfigurationPlatforms) = postSolution
		{FE7DDC74-E8FD-31A5-8D39-510634BEB8C2}.Debug|x64.ActiveCfg = Debug|x64
		{FE7DDC74-E8FD-31A5-8D39-510634BEB8C2}.Debug|x64.Build.0 = Debug|x64
		{FE7DDC74-E8FD-31A5-8D39-510634BEB8C2}.Release|x64.ActiveCfg = Release|x64
		{FE7DDC74-E8FD-31A5-8D39-510634BEB8C2}.Release|x64.Build.0 = Release|x64
		{FF3CC6FB-FAC2-3C46-B4C1-C400524E7383}.Debug|x64.ActiveCfg = Debug|x64
		{FF3CC6FB-FAC2-3C46-B4C1-C400524E7383}.Release|x64.ActiveCfg = Release|x64
		{D3334B47-8D59-3690-AAD6-5B33BC4CEF6E}.Debug|x64.ActiveCfg = Debug|x64
		{D3334B47-8D59-3690-AAD6-5B33BC4CEF6E}.Debug|x64.Build.0 = Debug|x64
		{D3334B47-8D59-3690-AAD6-5B33BC4CEF6E}.Release|x64.ActiveCfg = Release|x64
		{D3334B47-8D59-3690-AAD6-5B33BC4CEF6E}.Release|x64.Build.0 = Release|x64
		{5EB5E1E6-9618-3225-B1BE-A8BDAA8BA35F}.Debug|x64.ActiveCfg = Debug|x64
		{5EB5E1E6-9618-3225-B1BE-A8BDAA8BA35F}.Debug|x64.Build.0 = Debug|x64
		{5EB5E1E6-9618-3225-B1BE-A8BDAA8BA35F}.Release|x64.ActiveCfg = Release|x64
		{5EB5E1E6-9618-3225-B1BE-A8BDAA8BA35F}.Release|x64.Build.0 = Release|x64
	EndGlobalSection
	GlobalSection(NestedProjects) = preSolution
		{FE7DDC74-E8FD-31A5-8D39-510634BEB8C2} = {4C1F9CFC-66CE-3FB0-8EF3-CD9DC2C91BC8}
		{FF3CC6FB-FAC2-3C46-B4C1-C400524E7383} = {4C1F9CFC-66CE-3FB0-8EF3-CD9DC2C91BC8}
		{D3334B47-8D59-3690-AAD6-5B33BC4CEF6E} = {4C1F9CFC-66CE-3FB0-8EF3-CD9DC2C91BC8}
	EndGlobalSection
	GlobalSection(ExtensibilityGlobals) = postSolution
		SolutionGuid = {5FBAA569-CF80-30B4-9849-21C66F472B0C}
	EndGlobalSection
	GlobalSection(ExtensibilityAddIns) = postSolution
	EndGlobalSection
EndGlobal
